{
  "version": 4,
  "terraform_version": "1.0.3",
  "serial": 3,
  "lineage": "ee03128e-7106-3aa0-bde6-3e737e0aa684",
  "outputs": {},
  "resources": [
    {
      "mode": "managed",
      "type": "azurerm_resource_group",
      "name": "groupon",
      "provider": "provider[\"registry.terraform.io/hashicorp/azurerm\"]",
      "instances": [
        {
          "schema_version": 0,
          "attributes": {
            "id": "/subscriptions/1c0877e8-0e0e-48b4-a187-e54037aa4cdc/resourceGroups/groupon-rg",
            "location": "eastus",
            "name": "groupon-rg",
            "tags": null,
            "timeouts": null
          },
          "sensitive_attributes": [],
          "private": "eyJlMmJmYjczMC1lY2FhLTExZTYtOGY4OC0zNDM2M2JjN2M0YzAiOnsiY3JlYXRlIjo1NDAwMDAwMDAwMDAwLCJkZWxldGUiOjU0MDAwMDAwMDAwMDAsInJlYWQiOjMwMDAwMDAwMDAwMCwidXBkYXRlIjo1NDAwMDAwMDAwMDAwfX0="
        }
      ]
    }
  ]
}
